
Microsoft Visual Studio Solution File, Format Version 12.00
# Visual Studio Version 17
VisualStudioVersion = 17.2.32630.192
MinimumVisualStudioVersion = 10.0.40219.1
Project("{FAE04EC0-301F-11D3-BF4B-00C04F79EFBC}") = "SalesWebMvc", "SalesWebMvc.csproj", "{F9D3ED11-985F-42AF-9F8D-38FB68684941}"
EndProject
Global
	GlobalSection(SolutionConfigurationPlatforms) = preSolution
		Debug|Any CPU = Debug|Any CPU
		Release|Any CPU = Release|Any CPU
	EndGlobalSection
	GlobalSection(ProjectConfigurationPlatforms) = postSolution
		{F9D3ED11-985F-42AF-9F8D-38FB68684941}.Debug|Any CPU.ActiveCfg = Debug|Any CPU
		{F9D3ED11-985F-42AF-9F8D-38FB68684941}.Debug|Any CPU.Build.0 = Debug|Any CPU
		{F9D3ED11-985F-42AF-9F8D-38FB68684941}.Release|Any CPU.ActiveCfg = Release|Any CPU
		{F9D3ED11-985F-42AF-9F8D-38FB68684941}.Release|Any CPU.Build.0 = Release|Any CPU
	EndGlobalSection
	GlobalSection(SolutionProperties) = preSolution
		HideSolutionNode = FALSE
	EndGlobalSection
	GlobalSection(ExtensibilityGlobals) = postSolution
		SolutionGuid = {1F29106F-2CE7-4E82-88C4-59CE8B52B90A}
	EndGlobalSection
EndGlobal
